{
    "_readme": [
        "This file locks the dependencies of your project to a known state",
        "Read more about it at https://getcomposer.org/doc/01-basic-usage.md#installing-dependencies",
        "This file is @generated automatically"
    ],
    "content-hash": "c15a5d4d392968bf0e8d59b0bf913a65",
    "packages": [
        {
            "name": "sauerkraut/cms",
            "version": "dev-master",
            "dist": {
                "type": "path",
                "url": "./packages/sauerkraut-cms",
                "reference": "6772579fa053da52c94ef4ee4b75a6cc46b51c5b"
            },
            "require": {
                "php": ">=8.3"
            },
            "type": "library",
            "extra": {
                "sauerkraut": {
                    "components-path": "components",
                    "components-prefix": "cms:",
                    "components-group": "cms",
                    "pages-path": "pages",
                    "routes": "routes/cms.php",
                    "config": "config/cms.php",
                    "css": "css/cms.css"
                }
            },
            "autoload": {
                "psr-4": {
                    "Sauerkraut\\CMS\\": "src/"
                }
            },
            "description": "Auto-discovering CMS for the Sauerkraut framework",
            "transport-options": {
                "relative": true
            }
        },
        {
            "name": "sauerkraut/ui",
            "version": "dev-master",
            "dist": {
                "type": "path",
                "url": "./packages/sauerkraut-ui",
                "reference": "c16c021536a2050bc92989e78e89c17fbdc24534"
            },
            "require": {
                "php": ">=8.3"
            },
            "type": "library",
            "extra": {
                "sauerkraut": {
                    "components-path": "components"
                }
            },
            "description": "Preset UI components for the Sauerkraut framework",
            "transport-options": {
                "relative": true
            }
        }
    ],
    "packages-dev": [],
    "aliases": [],
    "minimum-stability": "stable",
    "stability-flags": {
        "sauerkraut/cms": 20,
        "sauerkraut/ui": 20
    },
    "prefer-stable": false,
    "prefer-lowest": false,
    "platform": {
        "php": ">=8.3"
    },
    "platform-dev": {},
    "plugin-api-version": "2.9.0"
}
