{
    "_readme": [
        "This file locks the dependencies of your project to a known state",
        "Read more about it at https://getcomposer.org/doc/01-basic-usage.md#installing-dependencies",
        "This file is @generated automatically"
    ],
    "content-hash": "ecebb49b62ba2d968e57d31ab0757725",
    "packages": [
        {
            "name": "dragonmantank/cron-expression",
            "version": "v3.6.0",
            "source": {
                "type": "git",
                "url": "https://github.com/dragonmantank/cron-expression.git",
                "reference": "d61a8a9604ec1f8c3d150d09db6ce98b32675013"
            },
            "dist": {
                "type": "zip",
                "url": "https://api.github.com/repos/dragonmantank/cron-expression/zipball/d61a8a9604ec1f8c3d150d09db6ce98b32675013",
                "reference": "d61a8a9604ec1f8c3d150d09db6ce98b32675013",
                "shasum": ""
            },
            "require": {
                "php": "^8.2|^8.3|^8.4|^8.5"
            },
            "replace": {
                "mtdowling/cron-expression": "^1.0"
            },
            "require-dev": {
                "phpstan/extension-installer": "^1.4.3",
                "phpstan/phpstan": "^1.12.32|^2.1.31",
                "phpunit/phpunit": "^8.5.48|^9.0"
            },
            "type": "library",
            "extra": {
                "branch-alias": {
                    "dev-master": "3.x-dev"
                }
            },
            "autoload": {
                "psr-4": {
                    "Cron\\": "src/Cron/"
                }
            },
            "notification-url": "https://packagist.org/downloads/",
            "license": [
                "MIT"
            ],
            "authors": [
                {
                    "name": "Chris Tankersley",
                    "email": "chris@ctankersley.com",
                    "homepage": "https://github.com/dragonmantank"
                }
            ],
            "description": "CRON for PHP: Calculate the next or previous run date and determine if a CRON expression is due",
            "keywords": [
                "cron",
                "schedule"
            ],
            "support": {
                "issues": "https://github.com/dragonmantank/cron-expression/issues",
                "source": "https://github.com/dragonmantank/cron-expression/tree/v3.6.0"
            },
            "funding": [
                {
                    "url": "https://github.com/dragonmantank",
                    "type": "github"
                }
            ],
            "time": "2025-10-31T18:51:33+00:00"
        },
        {
            "name": "sauerkraut/cms",
            "version": "dev-master",
            "dist": {
                "type": "path",
                "url": "./packages/sauerkraut-cms",
                "reference": "2d2f495d8655659000ed63da2a8dad7f7e1b3286"
            },
            "require": {
                "php": ">=8.3"
            },
            "type": "library",
            "extra": {
                "sauerkraut": {
                    "components-path": "components",
                    "components-prefix": "cms:",
                    "components-group": "cms",
                    "pages-path": "pages",
                    "routes": "routes/cms.php",
                    "config": "config/cms.php",
                    "css": "css/cms.css"
                }
            },
            "autoload": {
                "psr-4": {
                    "Sauerkraut\\CMS\\": "src/"
                }
            },
            "description": "Auto-discovering CMS for the Sauerkraut framework",
            "transport-options": {
                "relative": true
            }
        },
        {
            "name": "sauerkraut/ui",
            "version": "dev-master",
            "dist": {
                "type": "path",
                "url": "./packages/sauerkraut-ui",
                "reference": "c16c021536a2050bc92989e78e89c17fbdc24534"
            },
            "require": {
                "php": ">=8.3"
            },
            "type": "library",
            "extra": {
                "sauerkraut": {
                    "components-path": "components"
                }
            },
            "description": "Preset UI components for the Sauerkraut framework",
            "transport-options": {
                "relative": true
            }
        }
    ],
    "packages-dev": [],
    "aliases": [],
    "minimum-stability": "stable",
    "stability-flags": {
        "sauerkraut/cms": 20,
        "sauerkraut/ui": 20
    },
    "prefer-stable": false,
    "prefer-lowest": false,
    "platform": {
        "php": ">=8.3",
        "ext-pdo": "*",
        "ext-mbstring": "*"
    },
    "platform-dev": {},
    "plugin-api-version": "2.9.0"
}
